
Microsoft Visual Studio Solution File, Format Version 12.00
# Visual Studio Version 17
VisualStudioVersion = 17.2.32630.192
MinimumVisualStudioVersion = 10.0.40219.1
Project("{FAE04EC0-301F-11D3-BF4B-00C04F79EFBC}") = "UnitTestingApi", "UnitTestingApi\UnitTestingApi.csproj", "{0695D67E-A05A-4403-B772-D13DB5A86236}"
EndProject
Project("{FAE04EC0-301F-11D3-BF4B-00C04F79EFBC}") = "TestProjectVehicleApi", "TestProjectVehicleApi\TestProjectVehicleApi.csproj", "{B4BA6062-24EA-41F1-84B0-945817640295}"
EndProject
Global
	GlobalSection(SolutionConfigurationPlatforms) = preSolution
		Debug|Any CPU = Debug|Any CPU
		Release|Any CPU = Release|Any CPU
	EndGlobalSection
	GlobalSection(ProjectConfigurationPlatforms) = postSolution
		{0695D67E-A05A-4403-B772-D13DB5A86236}.Debug|Any CPU.ActiveCfg = Debug|Any CPU
		{0695D67E-A05A-4403-B772-D13DB5A86236}.Debug|Any CPU.Build.0 = Debug|Any CPU
		{0695D67E-A05A-4403-B772-D13DB5A86236}.Release|Any CPU.ActiveCfg = Release|Any CPU
		{0695D67E-A05A-4403-B772-D13DB5A86236}.Release|Any CPU.Build.0 = Release|Any CPU
		{B4BA6062-24EA-41F1-84B0-945817640295}.Debug|Any CPU.ActiveCfg = Debug|Any CPU
		{B4BA6062-24EA-41F1-84B0-945817640295}.Debug|Any CPU.Build.0 = Debug|Any CPU
		{B4BA6062-24EA-41F1-84B0-945817640295}.Release|Any CPU.ActiveCfg = Release|Any CPU
		{B4BA6062-24EA-41F1-84B0-945817640295}.Release|Any CPU.Build.0 = Release|Any CPU
	EndGlobalSection
	GlobalSection(SolutionProperties) = preSolution
		HideSolutionNode = FALSE
	EndGlobalSection
	GlobalSection(ExtensibilityGlobals) = postSolution
		SolutionGuid = {6F55832B-5AF6-4E4C-AAE6-29F7CCB2198B}
	EndGlobalSection
EndGlobal
